
Microsoft Visual Studio Solution File, Format Version 12.00
# Visual Studio Version 17
VisualStudioVersion = 17.0.31903.59
MinimumVisualStudioVersion = 10.0.40219.1
Project("{2150E333-8FDC-42A3-9474-1A3956D46DE8}") = "src", "src", "{827E0CD3-B72D-47B6-A68D-7590B98EB39B}"
EndProject
Project("{FAE04EC0-301F-11D3-BF4B-00C04F79EFBC}") = "FourUme.Domain", "src\FourUme.Domain\FourUme.Domain.csproj", "{C429A4C1-6045-4C94-9283-105BEA8BABE6}"
EndProject
Project("{FAE04EC0-301F-11D3-BF4B-00C04F79EFBC}") = "FourUme.Application", "src\FourUme.Application\FourUme.Application.csproj", "{2EBD2A07-1E84-4329-B98B-7A5EA7D0C756}"
EndProject
Project("{FAE04EC0-301F-11D3-BF4B-00C04F79EFBC}") = "FourUme.Infrastructure", "src\FourUme.Infrastructure\FourUme.Infrastructure.csproj", "{98C1A378-22B7-43B9-8325-5B4ECE29EAA7}"
EndProject
Project("{FAE04EC0-301F-11D3-BF4B-00C04F79EFBC}") = "FourUme.Api", "src\FourUme.Api\FourUme.Api.csproj", "{11B28892-0E82-4343-89A8-91EB1A88D4EF}"
EndProject
Global
	GlobalSection(SolutionConfigurationPlatforms) = preSolution
		Debug|Any CPU = Debug|Any CPU
		Debug|x64 = Debug|x64
		Debug|x86 = Debug|x86
		Release|Any CPU = Release|Any CPU
		Release|x64 = Release|x64
		Release|x86 = Release|x86
	EndGlobalSection
	GlobalSection(ProjectConfigurationPlatforms) = postSolution
		{C429A4C1-6045-4C94-9283-105BEA8BABE6}.Debug|Any CPU.ActiveCfg = Debug|Any CPU
		{C429A4C1-6045-4C94-9283-105BEA8BABE6}.Debug|Any CPU.Build.0 = Debug|Any CPU
		{C429A4C1-6045-4C94-9283-105BEA8BABE6}.Debug|x64.ActiveCfg = Debug|Any CPU
		{C429A4C1-6045-4C94-9283-105BEA8BABE6}.Debug|x64.Build.0 = Debug|Any CPU
		{C429A4C1-6045-4C94-9283-105BEA8BABE6}.Debug|x86.ActiveCfg = Debug|Any CPU
		{C429A4C1-6045-4C94-9283-105BEA8BABE6}.Debug|x86.Build.0 = Debug|Any CPU
		{C429A4C1-6045-4C94-9283-105BEA8BABE6}.Release|Any CPU.ActiveCfg = Release|Any CPU
		{C429A4C1-6045-4C94-9283-105BEA8BABE6}.Release|Any CPU.Build.0 = Release|Any CPU
		{C429A4C1-6045-4C94-9283-105BEA8BABE6}.Release|x64.ActiveCfg = Release|Any CPU
		{C429A4C1-6045-4C94-9283-105BEA8BABE6}.Release|x64.Build.0 = Release|Any CPU
		{C429A4C1-6045-4C94-9283-105BEA8BABE6}.Release|x86.ActiveCfg = Release|Any CPU
		{C429A4C1-6045-4C94-9283-105BEA8BABE6}.Release|x86.Build.0 = Release|Any CPU
		{2EBD2A07-1E84-4329-B98B-7A5EA7D0C756}.Debug|Any CPU.ActiveCfg = Debug|Any CPU
		{2EBD2A07-1E84-4329-B98B-7A5EA7D0C756}.Debug|Any CPU.Build.0 = Debug|Any CPU
		{2EBD2A07-1E84-4329-B98B-7A5EA7D0C756}.Debug|x64.ActiveCfg = Debug|Any CPU
		{2EBD2A07-1E84-4329-B98B-7A5EA7D0C756}.Debug|x64.Build.0 = Debug|Any CPU
		{2EBD2A07-1E84-4329-B98B-7A5EA7D0C756}.Debug|x86.ActiveCfg = Debug|Any CPU
		{2EBD2A07-1E84-4329-B98B-7A5EA7D0C756}.Debug|x86.Build.0 = Debug|Any CPU
		{2EBD2A07-1E84-4329-B98B-7A5EA7D0C756}.Release|Any CPU.ActiveCfg = Release|Any CPU
		{2EBD2A07-1E84-4329-B98B-7A5EA7D0C756}.Release|Any CPU.Build.0 = Release|Any CPU
		{2EBD2A07-1E84-4329-B98B-7A5EA7D0C756}.Release|x64.ActiveCfg = Release|Any CPU
		{2EBD2A07-1E84-4329-B98B-7A5EA7D0C756}.Release|x64.Build.0 = Release|Any CPU
		{2EBD2A07-1E84-4329-B98B-7A5EA7D0C756}.Release|x86.ActiveCfg = Release|Any CPU
		{2EBD2A07-1E84-4329-B98B-7A5EA7D0C756}.Release|x86.Build.0 = Release|Any CPU
		{98C1A378-22B7-43B9-8325-5B4ECE29EAA7}.Debug|Any CPU.ActiveCfg = Debug|Any CPU
		{98C1A378-22B7-43B9-8325-5B4ECE29EAA7}.Debug|Any CPU.Build.0 = Debug|Any CPU
		{98C1A378-22B7-43B9-8325-5B4ECE29EAA7}.Debug|x64.ActiveCfg = Debug|Any CPU
		{98C1A378-22B7-43B9-8325-5B4ECE29EAA7}.Debug|x64.Build.0 = Debug|Any CPU
		{98C1A378-22B7-43B9-8325-5B4ECE29EAA7}.Debug|x86.ActiveCfg = Debug|Any CPU
		{98C1A378-22B7-43B9-8325-5B4ECE29EAA7}.Debug|x86.Build.0 = Debug|Any CPU
		{98C1A378-22B7-43B9-8325-5B4ECE29EAA7}.Release|Any CPU.ActiveCfg = Release|Any CPU
		{98C1A378-22B7-43B9-8325-5B4ECE29EAA7}.Release|Any CPU.Build.0 = Release|Any CPU
		{98C1A378-22B7-43B9-8325-5B4ECE29EAA7}.Release|x64.ActiveCfg = Release|Any CPU
		{98C1A378-22B7-43B9-8325-5B4ECE29EAA7}.Release|x64.Build.0 = Release|Any CPU
		{98C1A378-22B7-43B9-8325-5B4ECE29EAA7}.Release|x86.ActiveCfg = Release|Any CPU
		{98C1A378-22B7-43B9-8325-5B4ECE29EAA7}.Release|x86.Build.0 = Release|Any CPU
		{11B28892-0E82-4343-89A8-91EB1A88D4EF}.Debug|Any CPU.ActiveCfg = Debug|Any CPU
		{11B28892-0E82-4343-89A8-91EB1A88D4EF}.Debug|Any CPU.Build.0 = Debug|Any CPU
		{11B28892-0E82-4343-89A8-91EB1A88D4EF}.Debug|x64.ActiveCfg = Debug|Any CPU
		{11B28892-0E82-4343-89A8-91EB1A88D4EF}.Debug|x64.Build.0 = Debug|Any CPU
		{11B28892-0E82-4343-89A8-91EB1A88D4EF}.Debug|x86.ActiveCfg = Debug|Any CPU
		{11B28892-0E82-4343-89A8-91EB1A88D4EF}.Debug|x86.Build.0 = Debug|Any CPU
		{11B28892-0E82-4343-89A8-91EB1A88D4EF}.Release|Any CPU.ActiveCfg = Release|Any CPU
		{11B28892-0E82-4343-89A8-91EB1A88D4EF}.Release|Any CPU.Build.0 = Release|Any CPU
		{11B28892-0E82-4343-89A8-91EB1A88D4EF}.Release|x64.ActiveCfg = Release|Any CPU
		{11B28892-0E82-4343-89A8-91EB1A88D4EF}.Release|x64.Build.0 = Release|Any CPU
		{11B28892-0E82-4343-89A8-91EB1A88D4EF}.Release|x86.ActiveCfg = Release|Any CPU
		{11B28892-0E82-4343-89A8-91EB1A88D4EF}.Release|x86.Build.0 = Release|Any CPU
	EndGlobalSection
	GlobalSection(SolutionProperties) = preSolution
		HideSolutionNode = FALSE
	EndGlobalSection
	GlobalSection(NestedProjects) = preSolution
		{C429A4C1-6045-4C94-9283-105BEA8BABE6} = {827E0CD3-B72D-47B6-A68D-7590B98EB39B}
		{2EBD2A07-1E84-4329-B98B-7A5EA7D0C756} = {827E0CD3-B72D-47B6-A68D-7590B98EB39B}
		{98C1A378-22B7-43B9-8325-5B4ECE29EAA7} = {827E0CD3-B72D-47B6-A68D-7590B98EB39B}
		{11B28892-0E82-4343-89A8-91EB1A88D4EF} = {827E0CD3-B72D-47B6-A68D-7590B98EB39B}
	EndGlobalSection
EndGlobal
